
Microsoft Visual Studio Solution File, Format Version 12.00
# Visual Studio 15
VisualStudioVersion = 15.0.27703.1
MinimumVisualStudioVersion = 10.0.40219.1
Project("{2150E333-8FDC-42A3-9474-1A3956D46DE8}") = "A. Common", "A. Common", "{9E1CA673-4342-4F3F-A194-11D4668EF9D2}"
EndProject
Project("{2150E333-8FDC-42A3-9474-1A3956D46DE8}") = "B. Infrastructure", "B. Infrastructure", "{E521667B-317B-4069-8C08-8E4388A2870B}"
EndProject
Project("{2150E333-8FDC-42A3-9474-1A3956D46DE8}") = "C. Domain", "C. Domain", "{907293D1-6AD9-4CE3-AD6A-D063166D4C39}"
EndProject
Project("{2150E333-8FDC-42A3-9474-1A3956D46DE8}") = "D. Application", "D. Application", "{25E8AFD3-E520-42A4-8E6E-CEF2932346DC}"
EndProject
Project("{2150E333-8FDC-42A3-9474-1A3956D46DE8}") = "E. User Interface", "E. User Interface", "{41CD8692-D12A-441A-A318-F9B08EC7469E}"
EndProject
Project("{FAE04EC0-301F-11D3-BF4B-00C04F79EFBC}") = "Chilicki.Commline.Common", "Chilicki.Commline.Common\Chilicki.Commline.Common.csproj", "{C515D135-30F5-403E-AFE4-104AD15D67B6}"
EndProject
Project("{FAE04EC0-301F-11D3-BF4B-00C04F79EFBC}") = "Chilicki.Commline.Infrastructure", "Chilicki.Commline.Infrastructure\Chilicki.Commline.Infrastructure.csproj", "{778AA5DE-4DF9-4BAA-B331-69165A7946A6}"
	ProjectSection(ProjectDependencies) = postProject
		{C515D135-30F5-403E-AFE4-104AD15D67B6} = {C515D135-30F5-403E-AFE4-104AD15D67B6}
		{57A2D879-84E3-4194-958B-6290BECD82B7} = {57A2D879-84E3-4194-958B-6290BECD82B7}
	EndProjectSection
EndProject
Project("{FAE04EC0-301F-11D3-BF4B-00C04F79EFBC}") = "Chilicki.Commline.Domain", "Chilicki.Commline.Domain\Chilicki.Commline.Domain.csproj", "{57A2D879-84E3-4194-958B-6290BECD82B7}"
	ProjectSection(ProjectDependencies) = postProject
		{C515D135-30F5-403E-AFE4-104AD15D67B6} = {C515D135-30F5-403E-AFE4-104AD15D67B6}
	EndProjectSection
EndProject
Project("{FAE04EC0-301F-11D3-BF4B-00C04F79EFBC}") = "Chilicki.Commline.Domain.Search", "Chilicki.Commline.Domain.Search\Chilicki.Commline.Domain.Search.csproj", "{D43FF6BA-30E4-44BC-B4CD-B7039DDC05EE}"
	ProjectSection(ProjectDependencies) = postProject
		{C515D135-30F5-403E-AFE4-104AD15D67B6} = {C515D135-30F5-403E-AFE4-104AD15D67B6}
		{57A2D879-84E3-4194-958B-6290BECD82B7} = {57A2D879-84E3-4194-958B-6290BECD82B7}
	EndProjectSection
EndProject
Project("{FAE04EC0-301F-11D3-BF4B-00C04F79EFBC}") = "Chilicki.Commline.Application", "Chilicki.Commline.Application\Chilicki.Commline.Application.csproj", "{46B25DD7-2019-4829-BDC9-F718A450DC51}"
	ProjectSection(ProjectDependencies) = postProject
		{C515D135-30F5-403E-AFE4-104AD15D67B6} = {C515D135-30F5-403E-AFE4-104AD15D67B6}
		{57A2D879-84E3-4194-958B-6290BECD82B7} = {57A2D879-84E3-4194-958B-6290BECD82B7}
		{778AA5DE-4DF9-4BAA-B331-69165A7946A6} = {778AA5DE-4DF9-4BAA-B331-69165A7946A6}
	EndProjectSection
EndProject
Project("{FAE04EC0-301F-11D3-BF4B-00C04F79EFBC}") = "Chilicki.Commline.Application.Search", "Chilicki.Commline.Application.Search\Chilicki.Commline.Application.Search.csproj", "{D69850F1-E321-4405-8DDB-70BF8076FEEC}"
	ProjectSection(ProjectDependencies) = postProject
		{C515D135-30F5-403E-AFE4-104AD15D67B6} = {C515D135-30F5-403E-AFE4-104AD15D67B6}
		{57A2D879-84E3-4194-958B-6290BECD82B7} = {57A2D879-84E3-4194-958B-6290BECD82B7}
		{D43FF6BA-30E4-44BC-B4CD-B7039DDC05EE} = {D43FF6BA-30E4-44BC-B4CD-B7039DDC05EE}
		{778AA5DE-4DF9-4BAA-B331-69165A7946A6} = {778AA5DE-4DF9-4BAA-B331-69165A7946A6}
	EndProjectSection
EndProject
Project("{FAE04EC0-301F-11D3-BF4B-00C04F79EFBC}") = "Chilicki.Commline.UserInterface", "Chilicki.Commline.UserInterface\Chilicki.Commline.UserInterface.csproj", "{9E7420D8-1B65-4026-BB1E-595F6D051AF8}"
	ProjectSection(ProjectDependencies) = postProject
		{C515D135-30F5-403E-AFE4-104AD15D67B6} = {C515D135-30F5-403E-AFE4-104AD15D67B6}
		{46B25DD7-2019-4829-BDC9-F718A450DC51} = {46B25DD7-2019-4829-BDC9-F718A450DC51}
		{D69850F1-E321-4405-8DDB-70BF8076FEEC} = {D69850F1-E321-4405-8DDB-70BF8076FEEC}
	EndProjectSection
EndProject
Global
	GlobalSection(SolutionConfigurationPlatforms) = preSolution
		Debug|Any CPU = Debug|Any CPU
		Release|Any CPU = Release|Any CPU
	EndGlobalSection
	GlobalSection(ProjectConfigurationPlatforms) = postSolution
		{C515D135-30F5-403E-AFE4-104AD15D67B6}.Debug|Any CPU.ActiveCfg = Debug|Any CPU
		{C515D135-30F5-403E-AFE4-104AD15D67B6}.Debug|Any CPU.Build.0 = Debug|Any CPU
		{C515D135-30F5-403E-AFE4-104AD15D67B6}.Release|Any CPU.ActiveCfg = Release|Any CPU
		{C515D135-30F5-403E-AFE4-104AD15D67B6}.Release|Any CPU.Build.0 = Release|Any CPU
		{778AA5DE-4DF9-4BAA-B331-69165A7946A6}.Debug|Any CPU.ActiveCfg = Debug|Any CPU
		{778AA5DE-4DF9-4BAA-B331-69165A7946A6}.Debug|Any CPU.Build.0 = Debug|Any CPU
		{778AA5DE-4DF9-4BAA-B331-69165A7946A6}.Release|Any CPU.ActiveCfg = Release|Any CPU
		{778AA5DE-4DF9-4BAA-B331-69165A7946A6}.Release|Any CPU.Build.0 = Release|Any CPU
		{57A2D879-84E3-4194-958B-6290BECD82B7}.Debug|Any CPU.ActiveCfg = Debug|Any CPU
		{57A2D879-84E3-4194-958B-6290BECD82B7}.Debug|Any CPU.Build.0 = Debug|Any CPU
		{57A2D879-84E3-4194-958B-6290BECD82B7}.Release|Any CPU.ActiveCfg = Release|Any CPU
		{57A2D879-84E3-4194-958B-6290BECD82B7}.Release|Any CPU.Build.0 = Release|Any CPU
		{D43FF6BA-30E4-44BC-B4CD-B7039DDC05EE}.Debug|Any CPU.ActiveCfg = Debug|Any CPU
		{D43FF6BA-30E4-44BC-B4CD-B7039DDC05EE}.Debug|Any CPU.Build.0 = Debug|Any CPU
		{D43FF6BA-30E4-44BC-B4CD-B7039DDC05EE}.Release|Any CPU.ActiveCfg = Release|Any CPU
		{D43FF6BA-30E4-44BC-B4CD-B7039DDC05EE}.Release|Any CPU.Build.0 = Release|Any CPU
		{46B25DD7-2019-4829-BDC9-F718A450DC51}.Debug|Any CPU.ActiveCfg = Debug|Any CPU
		{46B25DD7-2019-4829-BDC9-F718A450DC51}.Debug|Any CPU.Build.0 = Debug|Any CPU
		{46B25DD7-2019-4829-BDC9-F718A450DC51}.Release|Any CPU.ActiveCfg = Release|Any CPU
		{46B25DD7-2019-4829-BDC9-F718A450DC51}.Release|Any CPU.Build.0 = Release|Any CPU
		{D69850F1-E321-4405-8DDB-70BF8076FEEC}.Debug|Any CPU.ActiveCfg = Debug|Any CPU
		{D69850F1-E321-4405-8DDB-70BF8076FEEC}.Debug|Any CPU.Build.0 = Debug|Any CPU
		{D69850F1-E321-4405-8DDB-70BF8076FEEC}.Release|Any CPU.ActiveCfg = Release|Any CPU
		{D69850F1-E321-4405-8DDB-70BF8076FEEC}.Release|Any CPU.Build.0 = Release|Any CPU
		{9E7420D8-1B65-4026-BB1E-595F6D051AF8}.Debug|Any CPU.ActiveCfg = Debug|Any CPU
		{9E7420D8-1B65-4026-BB1E-595F6D051AF8}.Debug|Any CPU.Build.0 = Debug|Any CPU
		{9E7420D8-1B65-4026-BB1E-595F6D051AF8}.Release|Any CPU.ActiveCfg = Release|Any CPU
		{9E7420D8-1B65-4026-BB1E-595F6D051AF8}.Release|Any CPU.Build.0 = Release|Any CPU
	EndGlobalSection
	GlobalSection(SolutionProperties) = preSolution
		HideSolutionNode = FALSE
	EndGlobalSection
	GlobalSection(NestedProjects) = preSolution
		{C515D135-30F5-403E-AFE4-104AD15D67B6} = {9E1CA673-4342-4F3F-A194-11D4668EF9D2}
		{778AA5DE-4DF9-4BAA-B331-69165A7946A6} = {E521667B-317B-4069-8C08-8E4388A2870B}
		{57A2D879-84E3-4194-958B-6290BECD82B7} = {907293D1-6AD9-4CE3-AD6A-D063166D4C39}
		{D43FF6BA-30E4-44BC-B4CD-B7039DDC05EE} = {907293D1-6AD9-4CE3-AD6A-D063166D4C39}
		{46B25DD7-2019-4829-BDC9-F718A450DC51} = {25E8AFD3-E520-42A4-8E6E-CEF2932346DC}
		{D69850F1-E321-4405-8DDB-70BF8076FEEC} = {25E8AFD3-E520-42A4-8E6E-CEF2932346DC}
		{9E7420D8-1B65-4026-BB1E-595F6D051AF8} = {41CD8692-D12A-441A-A318-F9B08EC7469E}
	EndGlobalSection
	GlobalSection(ExtensibilityGlobals) = postSolution
		SolutionGuid = {E16E4345-E1A3-460F-9E6E-74279AEDFC9A}
	EndGlobalSection
EndGlobal
